
Microsoft Visual Studio Solution File, Format Version 12.00
# Visual Studio 15
Project("{FAE04EC0-301F-11D3-BF4B-00C04F79EFBC}") = "Assembly-CSharp", "Assembly-CSharp.csproj", "{FA958E7C-4E76-97FC-DA02-C497FADF3741}"
EndProject
Project("{FAE04EC0-301F-11D3-BF4B-00C04F79EFBC}") = "Assembly-CSharp-firstpass", "Assembly-CSharp-firstpass.csproj", "{8A4CAFBD-A18E-B8DD-3C89-5B3DDAA43C9F}"
EndProject
Project("{FAE04EC0-301F-11D3-BF4B-00C04F79EFBC}") = "Assembly-CSharp-Editor", "Assembly-CSharp-Editor.csproj", "{B252E7D8-2C37-2DF6-EC09-0892B013318C}"
EndProject
Project("{FAE04EC0-301F-11D3-BF4B-00C04F79EFBC}") = "Assembly-CSharp-Editor-firstpass", "Assembly-CSharp-Editor-firstpass.csproj", "{DFFDCF6A-D6CB-6463-EA34-84577D1E0B84}"
EndProject
Global
	GlobalSection(SolutionConfigurationPlatforms) = preSolution
		Debug|Any CPU = Debug|Any CPU
		Release|Any CPU = Release|Any CPU
	EndGlobalSection
	GlobalSection(ProjectConfigurationPlatforms) = postSolution
		{FA958E7C-4E76-97FC-DA02-C497FADF3741}.Debug|Any CPU.ActiveCfg = Debug|Any CPU
		{FA958E7C-4E76-97FC-DA02-C497FADF3741}.Debug|Any CPU.Build.0 = Debug|Any CPU
		{FA958E7C-4E76-97FC-DA02-C497FADF3741}.Release|Any CPU.ActiveCfg = Release|Any CPU
		{FA958E7C-4E76-97FC-DA02-C497FADF3741}.Release|Any CPU.Build.0 = Release|Any CPU
		{8A4CAFBD-A18E-B8DD-3C89-5B3DDAA43C9F}.Debug|Any CPU.ActiveCfg = Debug|Any CPU
		{8A4CAFBD-A18E-B8DD-3C89-5B3DDAA43C9F}.Debug|Any CPU.Build.0 = Debug|Any CPU
		{8A4CAFBD-A18E-B8DD-3C89-5B3DDAA43C9F}.Release|Any CPU.ActiveCfg = Release|Any CPU
		{8A4CAFBD-A18E-B8DD-3C89-5B3DDAA43C9F}.Release|Any CPU.Build.0 = Release|Any CPU
		{B252E7D8-2C37-2DF6-EC09-0892B013318C}.Debug|Any CPU.ActiveCfg = Debug|Any CPU
		{B252E7D8-2C37-2DF6-EC09-0892B013318C}.Debug|Any CPU.Build.0 = Debug|Any CPU
		{B252E7D8-2C37-2DF6-EC09-0892B013318C}.Release|Any CPU.ActiveCfg = Release|Any CPU
		{B252E7D8-2C37-2DF6-EC09-0892B013318C}.Release|Any CPU.Build.0 = Release|Any CPU
		{DFFDCF6A-D6CB-6463-EA34-84577D1E0B84}.Debug|Any CPU.ActiveCfg = Debug|Any CPU
		{DFFDCF6A-D6CB-6463-EA34-84577D1E0B84}.Debug|Any CPU.Build.0 = Debug|Any CPU
		{DFFDCF6A-D6CB-6463-EA34-84577D1E0B84}.Release|Any CPU.ActiveCfg = Release|Any CPU
		{DFFDCF6A-D6CB-6463-EA34-84577D1E0B84}.Release|Any CPU.Build.0 = Release|Any CPU
	EndGlobalSection
	GlobalSection(SolutionProperties) = preSolution
		HideSolutionNode = FALSE
	EndGlobalSection
EndGlobal
